
Microsoft Visual Studio Solution File, Format Version 12.00
Project("{FAE04EC0-301F-11D3-BF4B-00C04F79EFBC}") = "Motk.Matchmaking", "Motk.Matchmaking\Motk.Matchmaking.csproj", "{AD146F09-C73E-434B-873B-EF1DF07F1F30}"
EndProject
Project("{FAE04EC0-301F-11D3-BF4B-00C04F79EFBC}") = "Motk.Combat.Server.Core", "Motk.Combat.Server.Core\Motk.Combat.Server.Core.csproj", "{C4B38CC5-0D36-4A49-8279-10F32464CBB4}"
EndProject
Project("{2150E333-8FDC-42A3-9474-1A3956D46DE8}") = "UnityPackages", "UnityPackages", "{D75A86A1-FB9F-4CFC-BF14-223D9E60CAF6}"
EndProject
Project("{FAE04EC0-301F-11D3-BF4B-00C04F79EFBC}") = "Motk.Collections", "..\Unity\Packages\Motk.Collections\Motk.Collections.csproj", "{35F9F075-8CCB-2B08-688A-A6BB7B2CB97D}"
EndProject
Project("{FAE04EC0-301F-11D3-BF4B-00C04F79EFBC}") = "Motk.Combat.Shared", "..\Unity\Packages\Motk.Combat.Shared\Motk.Combat.Shared.csproj", "{E9944C26-31D6-68D6-2ECC-24FC76669DE4}"
EndProject
Project("{FAE04EC0-301F-11D3-BF4B-00C04F79EFBC}") = "Motk.HexGrid.Core", "..\Unity\Packages\Motk.HexGrid.Core\Motk.HexGrid.Core.csproj", "{C56B0431-AD7E-C44B-9E00-AADEDCA723F8}"
EndProject
Project("{FAE04EC0-301F-11D3-BF4B-00C04F79EFBC}") = "Motk.PathFinding.AStar", "..\Unity\Packages\Motk.PathFinding.AStar\Motk.PathFinding.AStar.csproj", "{DBE5F51E-A5D3-F418-1E2B-32F519A3EA86}"
EndProject
Project("{2150E333-8FDC-42A3-9474-1A3956D46DE8}") = "Combat", "Combat", "{ADC59AE4-D551-4D7A-B4A9-6E24FFC30F33}"
EndProject
Project("{FAE04EC0-301F-11D3-BF4B-00C04F79EFBC}") = "Motk.Combat.Server.gRPC", "Motk.Combat.Server.gRPC\Motk.Combat.Server.gRPC.csproj", "{48F73371-D7CD-4DAB-941F-48885AAB7EE6}"
EndProject
Global
	GlobalSection(SolutionConfigurationPlatforms) = preSolution
		Debug|Any CPU = Debug|Any CPU
		Release|Any CPU = Release|Any CPU
	EndGlobalSection
	GlobalSection(ProjectConfigurationPlatforms) = postSolution
		{AD146F09-C73E-434B-873B-EF1DF07F1F30}.Debug|Any CPU.ActiveCfg = Debug|Any CPU
		{AD146F09-C73E-434B-873B-EF1DF07F1F30}.Debug|Any CPU.Build.0 = Debug|Any CPU
		{AD146F09-C73E-434B-873B-EF1DF07F1F30}.Release|Any CPU.ActiveCfg = Release|Any CPU
		{AD146F09-C73E-434B-873B-EF1DF07F1F30}.Release|Any CPU.Build.0 = Release|Any CPU
		{C4B38CC5-0D36-4A49-8279-10F32464CBB4}.Debug|Any CPU.ActiveCfg = Debug|Any CPU
		{C4B38CC5-0D36-4A49-8279-10F32464CBB4}.Debug|Any CPU.Build.0 = Debug|Any CPU
		{C4B38CC5-0D36-4A49-8279-10F32464CBB4}.Release|Any CPU.ActiveCfg = Release|Any CPU
		{C4B38CC5-0D36-4A49-8279-10F32464CBB4}.Release|Any CPU.Build.0 = Release|Any CPU
		{48F73371-D7CD-4DAB-941F-48885AAB7EE6}.Debug|Any CPU.ActiveCfg = Debug|Any CPU
		{48F73371-D7CD-4DAB-941F-48885AAB7EE6}.Debug|Any CPU.Build.0 = Debug|Any CPU
		{48F73371-D7CD-4DAB-941F-48885AAB7EE6}.Release|Any CPU.ActiveCfg = Release|Any CPU
		{48F73371-D7CD-4DAB-941F-48885AAB7EE6}.Release|Any CPU.Build.0 = Release|Any CPU
	EndGlobalSection
	GlobalSection(NestedProjects) = preSolution
		{35F9F075-8CCB-2B08-688A-A6BB7B2CB97D} = {D75A86A1-FB9F-4CFC-BF14-223D9E60CAF6}
		{C56B0431-AD7E-C44B-9E00-AADEDCA723F8} = {D75A86A1-FB9F-4CFC-BF14-223D9E60CAF6}
		{DBE5F51E-A5D3-F418-1E2B-32F519A3EA86} = {D75A86A1-FB9F-4CFC-BF14-223D9E60CAF6}
		{C4B38CC5-0D36-4A49-8279-10F32464CBB4} = {ADC59AE4-D551-4D7A-B4A9-6E24FFC30F33}
		{E9944C26-31D6-68D6-2ECC-24FC76669DE4} = {D75A86A1-FB9F-4CFC-BF14-223D9E60CAF6}
		{48F73371-D7CD-4DAB-941F-48885AAB7EE6} = {ADC59AE4-D551-4D7A-B4A9-6E24FFC30F33}
	EndGlobalSection
EndGlobal
